
Microsoft Visual Studio Solution File, Format Version 12.00
# Visual Studio Version 16
VisualStudioVersion = 16.0.30320.27
MinimumVisualStudioVersion = 10.0.40219.1
Project("{FAE04EC0-301F-11D3-BF4B-00C04F79EFBC}") = "SqliteProject", "SqliteProject\SqliteProject.csproj", "{8B347D96-8F04-4041-BC07-EE8E206CC72C}"
EndProject
Global
	GlobalSection(SolutionConfigurationPlatforms) = preSolution
		Debug|Any CPU = Debug|Any CPU
		Release|Any CPU = Release|Any CPU
	EndGlobalSection
	GlobalSection(ProjectConfigurationPlatforms) = postSolution
		{8B347D96-8F04-4041-BC07-EE8E206CC72C}.Debug|Any CPU.ActiveCfg = Debug|Any CPU
		{8B347D96-8F04-4041-BC07-EE8E206CC72C}.Debug|Any CPU.Build.0 = Debug|Any CPU
		{8B347D96-8F04-4041-BC07-EE8E206CC72C}.Release|Any CPU.ActiveCfg = Release|Any CPU
		{8B347D96-8F04-4041-BC07-EE8E206CC72C}.Release|Any CPU.Build.0 = Release|Any CPU
	EndGlobalSection
	GlobalSection(SolutionProperties) = preSolution
		HideSolutionNode = FALSE
	EndGlobalSection
	GlobalSection(ExtensibilityGlobals) = postSolution
		SolutionGuid = {1C1C56A5-E8C2-4B8A-98D4-D0B64489D22A}
	EndGlobalSection
EndGlobal
